
Microsoft Visual Studio Solution File, Format Version 12.00
# Visual Studio Version 16
VisualStudioVersion = 16.0.31729.503
MinimumVisualStudioVersion = 10.0.40219.1
Project("{FAE04EC0-301F-11D3-BF4B-00C04F79EFBC}") = "updater", "updater\updater.csproj", "{ED97AF62-3590-49AB-B408-FE5C2875BE05}"
EndProject
Global
	GlobalSection(SolutionConfigurationPlatforms) = preSolution
		Debug|Any CPU = Debug|Any CPU
		Release|Any CPU = Release|Any CPU
	EndGlobalSection
	GlobalSection(ProjectConfigurationPlatforms) = postSolution
		{ED97AF62-3590-49AB-B408-FE5C2875BE05}.Debug|Any CPU.ActiveCfg = Debug|Any CPU
		{ED97AF62-3590-49AB-B408-FE5C2875BE05}.Debug|Any CPU.Build.0 = Debug|Any CPU
		{ED97AF62-3590-49AB-B408-FE5C2875BE05}.Release|Any CPU.ActiveCfg = Release|Any CPU
		{ED97AF62-3590-49AB-B408-FE5C2875BE05}.Release|Any CPU.Build.0 = Release|Any CPU
	EndGlobalSection
	GlobalSection(SolutionProperties) = preSolution
		HideSolutionNode = FALSE
	EndGlobalSection
	GlobalSection(ExtensibilityGlobals) = postSolution
		SolutionGuid = {9E571BEA-A4FC-4E7A-A936-93E42C9A8157}
	EndGlobalSection
EndGlobal
